
Microsoft Visual Studio Solution File, Format Version 12.00
# Visual Studio Version 16
VisualStudioVersion = 16.0.30128.74
MinimumVisualStudioVersion = 10.0.40219.1
Project("{FAE04EC0-301F-11D3-BF4B-00C04F79EFBC}") = "Server", "Server\Server.csproj", "{A2A4358C-E1D7-4534-9835-CEFBA5CA8143}"
EndProject
Global
	GlobalSection(SolutionConfigurationPlatforms) = preSolution
		Debug|Any CPU = Debug|Any CPU
		Release|Any CPU = Release|Any CPU
	EndGlobalSection
	GlobalSection(ProjectConfigurationPlatforms) = postSolution
		{A2A4358C-E1D7-4534-9835-CEFBA5CA8143}.Debug|Any CPU.ActiveCfg = Debug|Any CPU
		{A2A4358C-E1D7-4534-9835-CEFBA5CA8143}.Debug|Any CPU.Build.0 = Debug|Any CPU
		{A2A4358C-E1D7-4534-9835-CEFBA5CA8143}.Release|Any CPU.ActiveCfg = Release|Any CPU
		{A2A4358C-E1D7-4534-9835-CEFBA5CA8143}.Release|Any CPU.Build.0 = Release|Any CPU
	EndGlobalSection
	GlobalSection(SolutionProperties) = preSolution
		HideSolutionNode = FALSE
	EndGlobalSection
	GlobalSection(ExtensibilityGlobals) = postSolution
		SolutionGuid = {EA91F1F5-38ED-4D6C-8B20-7EE49ED27AC4}
	EndGlobalSection
	GlobalSection(MonoDevelopProperties) = preSolution
		Policies = $0
		$0.DotNetNamingPolicy = $1
		$1.DirectoryNamespaceAssociation = PrefixedHierarchical
		$0.StandardHeader = $2
		$0.VersionControlPolicy = $3
	EndGlobalSection
EndGlobal
